
Microsoft Visual Studio Solution File, Format Version 12.00
# Visual Studio Version 17
VisualStudioVersion = 17.5.33516.290
MinimumVisualStudioVersion = 10.0.40219.1
Project("{9A19103F-16F7-4668-BE54-9A1E7A4F7556}") = "EventAPI", "EventAPI\EventAPI.csproj", "{7172421E-36F9-4D2C-98D4-887EFDB60933}"
EndProject
Project("{FAE04EC0-301F-11D3-BF4B-00C04F79EFBC}") = "TestEventApi", "TestEventApi\TestEventApi.csproj", "{8F1386A9-9A20-4B7C-ACF8-82F4E2FC566A}"
EndProject
Global
	GlobalSection(SolutionConfigurationPlatforms) = preSolution
		Debug|Any CPU = Debug|Any CPU
		Release|Any CPU = Release|Any CPU
	EndGlobalSection
	GlobalSection(ProjectConfigurationPlatforms) = postSolution
		{7172421E-36F9-4D2C-98D4-887EFDB60933}.Debug|Any CPU.ActiveCfg = Debug|Any CPU
		{7172421E-36F9-4D2C-98D4-887EFDB60933}.Debug|Any CPU.Build.0 = Debug|Any CPU
		{7172421E-36F9-4D2C-98D4-887EFDB60933}.Release|Any CPU.ActiveCfg = Release|Any CPU
		{7172421E-36F9-4D2C-98D4-887EFDB60933}.Release|Any CPU.Build.0 = Release|Any CPU
		{8F1386A9-9A20-4B7C-ACF8-82F4E2FC566A}.Debug|Any CPU.ActiveCfg = Debug|Any CPU
		{8F1386A9-9A20-4B7C-ACF8-82F4E2FC566A}.Debug|Any CPU.Build.0 = Debug|Any CPU
		{8F1386A9-9A20-4B7C-ACF8-82F4E2FC566A}.Release|Any CPU.ActiveCfg = Release|Any CPU
		{8F1386A9-9A20-4B7C-ACF8-82F4E2FC566A}.Release|Any CPU.Build.0 = Release|Any CPU
	EndGlobalSection
	GlobalSection(SolutionProperties) = preSolution
		HideSolutionNode = FALSE
	EndGlobalSection
	GlobalSection(ExtensibilityGlobals) = postSolution
		SolutionGuid = {A79EA62F-7F6C-4F1E-8C3C-08A4B7602822}
	EndGlobalSection
EndGlobal
